
Microsoft Visual Studio Solution File, Format Version 12.00
# Visual Studio Version 17
VisualStudioVersion = 17.3.32901.215
MinimumVisualStudioVersion = 10.0.40219.1
Project("{FAE04EC0-301F-11D3-BF4B-00C04F79EFBC}") = "hasta-826", "hasta-826\hasta-826.csproj", "{28FB3975-C17B-43A4-B90A-888E73F00078}"
EndProject
Global
	GlobalSection(SolutionConfigurationPlatforms) = preSolution
		Debug|Any CPU = Debug|Any CPU
		Release|Any CPU = Release|Any CPU
	EndGlobalSection
	GlobalSection(ProjectConfigurationPlatforms) = postSolution
		{28FB3975-C17B-43A4-B90A-888E73F00078}.Debug|Any CPU.ActiveCfg = Debug|Any CPU
		{28FB3975-C17B-43A4-B90A-888E73F00078}.Debug|Any CPU.Build.0 = Debug|Any CPU
		{28FB3975-C17B-43A4-B90A-888E73F00078}.Release|Any CPU.ActiveCfg = Release|Any CPU
		{28FB3975-C17B-43A4-B90A-888E73F00078}.Release|Any CPU.Build.0 = Release|Any CPU
	EndGlobalSection
	GlobalSection(SolutionProperties) = preSolution
		HideSolutionNode = FALSE
	EndGlobalSection
	GlobalSection(ExtensibilityGlobals) = postSolution
		SolutionGuid = {4E02F592-AFEB-41F9-AAC7-51AB114138E8}
	EndGlobalSection
EndGlobal
